// !$*UTF8*$!
{
	archiveVersion = 1;
	classes = {
	};
	objectVersion = 46;
	objects = {

/* Begin PBXBuildFile section */
		3816C24E647A12CA98202AAE /* Pods_CodePastaUITests.framework in Frameworks */ = {isa = PBXBuildFile; fileRef = D880F52F8FA88A128C40C755 /* Pods_CodePastaUITests.framework */; };
		5A03C6DF8C21651C43342F0C /* Pods_CodePasta.framework in Frameworks */ = {isa = PBXBuildFile; fileRef = 82498BDC969266BFBF21C075 /* Pods_CodePasta.framework */; };
		D7E0B699B5807612304C3CDE /* Pods_CodePastaTests.framework in Frameworks */ = {isa = PBXBuildFile; fileRef = BB6144DA5CDABD936AB52C2C /* Pods_CodePastaTests.framework */; };
		E512827A1F28608900D2D1A5 /* AppDelegate.swift in Sources */ = {isa = PBXBuildFile; fileRef = E51282791F28608900D2D1A5 /* AppDelegate.swift */; };
		E51282841F28608A00D2D1A5 /* Assets.xcassets in Resources */ = {isa = PBXBuildFile; fileRef = E51282831F28608A00D2D1A5 /* Assets.xcassets */; };
		E51282871F28608A00D2D1A5 /* LaunchScreen.storyboard in Resources */ = {isa = PBXBuildFile; fileRef = E51282851F28608A00D2D1A5 /* LaunchScreen.storyboard */; };
		E51282921F28608A00D2D1A5 /* CodePastaTests.swift in Sources */ = {isa = PBXBuildFile; fileRef = E51282911F28608A00D2D1A5 /* CodePastaTests.swift */; };
		E512829D1F28608A00D2D1A5 /* CodePastaUITests.swift in Sources */ = {isa = PBXBuildFile; fileRef = E512829C1F28608A00D2D1A5 /* CodePastaUITests.swift */; };
		E51282B01F2864FA00D2D1A5 /* CodePasta.xcdatamodeld in Sources */ = {isa = PBXBuildFile; fileRef = E51282AE1F2864FA00D2D1A5 /* CodePasta.xcdatamodeld */; };
		E51282B51F28665D00D2D1A5 /* LoginViewController.swift in Sources */ = {isa = PBXBuildFile; fileRef = E51282B41F28665D00D2D1A5 /* LoginViewController.swift */; };
		E51282B71F286BC200D2D1A5 /* DatabaseManager.swift in Sources */ = {isa = PBXBuildFile; fileRef = E51282B61F286BC200D2D1A5 /* DatabaseManager.swift */; };
		E51282D71F28722F00D2D1A5 /* User+CoreDataClass.swift in Sources */ = {isa = PBXBuildFile; fileRef = E51282D11F28722F00D2D1A5 /* User+CoreDataClass.swift */; };
		E51282D81F28722F00D2D1A5 /* User+CoreDataProperties.swift in Sources */ = {isa = PBXBuildFile; fileRef = E51282D21F28722F00D2D1A5 /* User+CoreDataProperties.swift */; };
		E51282D91F28722F00D2D1A5 /* Pasta+CoreDataClass.swift in Sources */ = {isa = PBXBuildFile; fileRef = E51282D31F28722F00D2D1A5 /* Pasta+CoreDataClass.swift */; };
		E51282DA1F28722F00D2D1A5 /* Pasta+CoreDataProperties.swift in Sources */ = {isa = PBXBuildFile; fileRef = E51282D41F28722F00D2D1A5 /* Pasta+CoreDataProperties.swift */; };
		E51282DB1F28722F00D2D1A5 /* Comment+CoreDataClass.swift in Sources */ = {isa = PBXBuildFile; fileRef = E51282D51F28722F00D2D1A5 /* Comment+CoreDataClass.swift */; };
		E51282DC1F28722F00D2D1A5 /* Comment+CoreDataProperties.swift in Sources */ = {isa = PBXBuildFile; fileRef = E51282D61F28722F00D2D1A5 /* Comment+CoreDataProperties.swift */; };
		E51282DF1F28749800D2D1A5 /* Main.storyboard in Resources */ = {isa = PBXBuildFile; fileRef = E51282DE1F28749800D2D1A5 /* Main.storyboard */; };
		E51282E11F2874F800D2D1A5 /* FeedViewController.swift in Sources */ = {isa = PBXBuildFile; fileRef = E51282E01F2874F800D2D1A5 /* FeedViewController.swift */; };
		E51282E31F28759A00D2D1A5 /* CreatePastaViewController.swift in Sources */ = {isa = PBXBuildFile; fileRef = E51282E21F28759A00D2D1A5 /* CreatePastaViewController.swift */; };
		E51282E61F2879D700D2D1A5 /* DatabaseManager+User.swift in Sources */ = {isa = PBXBuildFile; fileRef = E51282E51F2879D700D2D1A5 /* DatabaseManager+User.swift */; };
		E5B9223A1F288367001ED0A4 /* NetworkManager.swift in Sources */ = {isa = PBXBuildFile; fileRef = E5B922391F288367001ED0A4 /* NetworkManager.swift */; };
		E5B9223F1F28842C001ED0A4 /* APIUser.swift in Sources */ = {isa = PBXBuildFile; fileRef = E5B9223E1F28842C001ED0A4 /* APIUser.swift */; };
		E5B922411F288B23001ED0A4 /* APIConfiguration.swift in Sources */ = {isa = PBXBuildFile; fileRef = E5B922401F288B23001ED0A4 /* APIConfiguration.swift */; };
		E5B922451F28AB3D001ED0A4 /* Login.storyboard in Resources */ = {isa = PBXBuildFile; fileRef = E5B922441F28AB3D001ED0A4 /* Login.storyboard */; };
		E5B922471F28B7C5001ED0A4 /* APIPasta.swift in Sources */ = {isa = PBXBuildFile; fileRef = E5B922461F28B7C5001ED0A4 /* APIPasta.swift */; };
		E5B9224A1F28B94B001ED0A4 /* DatabaseManager+Pasta.swift in Sources */ = {isa = PBXBuildFile; fileRef = E5B922491F28B94B001ED0A4 /* DatabaseManager+Pasta.swift */; };
		E5B9224D1F28CBF7001ED0A4 /* ToastViewDelegate.swift in Sources */ = {isa = PBXBuildFile; fileRef = E5B9224C1F28CBF7001ED0A4 /* ToastViewDelegate.swift */; };
		E5B9224F1F28DD37001ED0A4 /* EditViewController.swift in Sources */ = {isa = PBXBuildFile; fileRef = E5B9224E1F28DD37001ED0A4 /* EditViewController.swift */; };
/* End PBXBuildFile section */

/* Begin PBXContainerItemProxy section */
		E512828E1F28608A00D2D1A5 /* PBXContainerItemProxy */ = {
			isa = PBXContainerItemProxy;
			containerPortal = E512826E1F28608900D2D1A5 /* Project object */;
			proxyType = 1;
			remoteGlobalIDString = E51282751F28608900D2D1A5;
			remoteInfo = CodePasta;
		};
		E51282991F28608A00D2D1A5 /* PBXContainerItemProxy */ = {
			isa = PBXContainerItemProxy;
			containerPortal = E512826E1F28608900D2D1A5 /* Project object */;
			proxyType = 1;
			remoteGlobalIDString = E51282751F28608900D2D1A5;
			remoteInfo = CodePasta;
		};
/* End PBXContainerItemProxy section */

/* Begin PBXFileReference section */
		3271A85F5B6B7F5E9F994882 /* Pods-CodePastaTests.release.xcconfig */ = {isa = PBXFileReference; includeInIndex = 1; lastKnownFileType = text.xcconfig; name = "Pods-CodePastaTests.release.xcconfig"; path = "Pods/Target Support Files/Pods-CodePastaTests/Pods-CodePastaTests.release.xcconfig"; sourceTree = "<group>"; };
		5D480BB0536F9EB7711A126C /* Pods-CodePasta.release.xcconfig */ = {isa = PBXFileReference; includeInIndex = 1; lastKnownFileType = text.xcconfig; name = "Pods-CodePasta.release.xcconfig"; path = "Pods/Target Support Files/Pods-CodePasta/Pods-CodePasta.release.xcconfig"; sourceTree = "<group>"; };
		77F976C25CAC4568360A0BAD /* Pods-CodePastaUITests.debug.xcconfig */ = {isa = PBXFileReference; includeInIndex = 1; lastKnownFileType = text.xcconfig; name = "Pods-CodePastaUITests.debug.xcconfig"; path = "Pods/Target Support Files/Pods-CodePastaUITests/Pods-CodePastaUITests.debug.xcconfig"; sourceTree = "<group>"; };
		82498BDC969266BFBF21C075 /* Pods_CodePasta.framework */ = {isa = PBXFileReference; explicitFileType = wrapper.framework; includeInIndex = 0; path = Pods_CodePasta.framework; sourceTree = BUILT_PRODUCTS_DIR; };
		9F0525508E97DA93A6C0FE43 /* Pods-CodePasta.debug.xcconfig */ = {isa = PBXFileReference; includeInIndex = 1; lastKnownFileType = text.xcconfig; name = "Pods-CodePasta.debug.xcconfig"; path = "Pods/Target Support Files/Pods-CodePasta/Pods-CodePasta.debug.xcconfig"; sourceTree = "<group>"; };
		A328B0304349A0A0D9B2A425 /* Pods-CodePastaUITests.release.xcconfig */ = {isa = PBXFileReference; includeInIndex = 1; lastKnownFileType = text.xcconfig; name = "Pods-CodePastaUITests.release.xcconfig"; path = "Pods/Target Support Files/Pods-CodePastaUITests/Pods-CodePastaUITests.release.xcconfig"; sourceTree = "<group>"; };
		BB6144DA5CDABD936AB52C2C /* Pods_CodePastaTests.framework */ = {isa = PBXFileReference; explicitFileType = wrapper.framework; includeInIndex = 0; path = Pods_CodePastaTests.framework; sourceTree = BUILT_PRODUCTS_DIR; };
		BB932312D7DEC22AB7D8D6DF /* Pods-CodePastaTests.debug.xcconfig */ = {isa = PBXFileReference; includeInIndex = 1; lastKnownFileType = text.xcconfig; name = "Pods-CodePastaTests.debug.xcconfig"; path = "Pods/Target Support Files/Pods-CodePastaTests/Pods-CodePastaTests.debug.xcconfig"; sourceTree = "<group>"; };
		D880F52F8FA88A128C40C755 /* Pods_CodePastaUITests.framework */ = {isa = PBXFileReference; explicitFileType = wrapper.framework; includeInIndex = 0; path = Pods_CodePastaUITests.framework; sourceTree = BUILT_PRODUCTS_DIR; };
		E51282761F28608900D2D1A5 /* CodePasta.app */ = {isa = PBXFileReference; explicitFileType = wrapper.application; includeInIndex = 0; path = CodePasta.app; sourceTree = BUILT_PRODUCTS_DIR; };
		E51282791F28608900D2D1A5 /* AppDelegate.swift */ = {isa = PBXFileReference; lastKnownFileType = sourcecode.swift; path = AppDelegate.swift; sourceTree = "<group>"; };
		E51282831F28608A00D2D1A5 /* Assets.xcassets */ = {isa = PBXFileReference; lastKnownFileType = folder.assetcatalog; name = Assets.xcassets; path = ../Assets.xcassets; sourceTree = "<group>"; };
		E51282861F28608A00D2D1A5 /* Base */ = {isa = PBXFileReference; lastKnownFileType = file.storyboard; name = Base; path = Base.lproj/LaunchScreen.storyboard; sourceTree = "<group>"; };
		E51282881F28608A00D2D1A5 /* Info.plist */ = {isa = PBXFileReference; lastKnownFileType = text.plist.xml; name = Info.plist; path = ../Info.plist; sourceTree = "<group>"; };
		E512828D1F28608A00D2D1A5 /* CodePastaTests.xctest */ = {isa = PBXFileReference; explicitFileType = wrapper.cfbundle; includeInIndex = 0; path = CodePastaTests.xctest; sourceTree = BUILT_PRODUCTS_DIR; };
		E51282911F28608A00D2D1A5 /* CodePastaTests.swift */ = {isa = PBXFileReference; lastKnownFileType = sourcecode.swift; path = CodePastaTests.swift; sourceTree = "<group>"; };
		E51282931F28608A00D2D1A5 /* Info.plist */ = {isa = PBXFileReference; lastKnownFileType = text.plist.xml; path = Info.plist; sourceTree = "<group>"; };
		E51282981F28608A00D2D1A5 /* CodePastaUITests.xctest */ = {isa = PBXFileReference; explicitFileType = wrapper.cfbundle; includeInIndex = 0; path = CodePastaUITests.xctest; sourceTree = BUILT_PRODUCTS_DIR; };
		E512829C1F28608A00D2D1A5 /* CodePastaUITests.swift */ = {isa = PBXFileReference; lastKnownFileType = sourcecode.swift; path = CodePastaUITests.swift; sourceTree = "<group>"; };
		E512829E1F28608A00D2D1A5 /* Info.plist */ = {isa = PBXFileReference; lastKnownFileType = text.plist.xml; path = Info.plist; sourceTree = "<group>"; };
		E51282AF1F2864FA00D2D1A5 /* CodePasta.xcdatamodel */ = {isa = PBXFileReference; lastKnownFileType = wrapper.xcdatamodel; path = CodePasta.xcdatamodel; sourceTree = "<group>"; };
		E51282B41F28665D00D2D1A5 /* LoginViewController.swift */ = {isa = PBXFileReference; fileEncoding = 4; lastKnownFileType = sourcecode.swift; path = LoginViewController.swift; sourceTree = "<group>"; };
		E51282B61F286BC200D2D1A5 /* DatabaseManager.swift */ = {isa = PBXFileReference; fileEncoding = 4; lastKnownFileType = sourcecode.swift; path = DatabaseManager.swift; sourceTree = "<group>"; };
		E51282D11F28722F00D2D1A5 /* User+CoreDataClass.swift */ = {isa = PBXFileReference; fileEncoding = 4; lastKnownFileType = sourcecode.swift; path = "User+CoreDataClass.swift"; sourceTree = "<group>"; };
		E51282D21F28722F00D2D1A5 /* User+CoreDataProperties.swift */ = {isa = PBXFileReference; fileEncoding = 4; lastKnownFileType = sourcecode.swift; path = "User+CoreDataProperties.swift"; sourceTree = "<group>"; };
		E51282D31F28722F00D2D1A5 /* Pasta+CoreDataClass.swift */ = {isa = PBXFileReference; fileEncoding = 4; lastKnownFileType = sourcecode.swift; path = "Pasta+CoreDataClass.swift"; sourceTree = "<group>"; };
		E51282D41F28722F00D2D1A5 /* Pasta+CoreDataProperties.swift */ = {isa = PBXFileReference; fileEncoding = 4; lastKnownFileType = sourcecode.swift; path = "Pasta+CoreDataProperties.swift"; sourceTree = "<group>"; };
		E51282D51F28722F00D2D1A5 /* Comment+CoreDataClass.swift */ = {isa = PBXFileReference; fileEncoding = 4; lastKnownFileType = sourcecode.swift; path = "Comment+CoreDataClass.swift"; sourceTree = "<group>"; };
		E51282D61F28722F00D2D1A5 /* Comment+CoreDataProperties.swift */ = {isa = PBXFileReference; fileEncoding = 4; lastKnownFileType = sourcecode.swift; path = "Comment+CoreDataProperties.swift"; sourceTree = "<group>"; };
		E51282DE1F28749800D2D1A5 /* Main.storyboard */ = {isa = PBXFileReference; fileEncoding = 4; lastKnownFileType = file.storyboard; path = Main.storyboard; sourceTree = "<group>"; };
		E51282E01F2874F800D2D1A5 /* FeedViewController.swift */ = {isa = PBXFileReference; fileEncoding = 4; lastKnownFileType = sourcecode.swift; path = FeedViewController.swift; sourceTree = "<group>"; };
		E51282E21F28759A00D2D1A5 /* CreatePastaViewController.swift */ = {isa = PBXFileReference; fileEncoding = 4; lastKnownFileType = sourcecode.swift; path = CreatePastaViewController.swift; sourceTree = "<group>"; };
		E51282E51F2879D700D2D1A5 /* DatabaseManager+User.swift */ = {isa = PBXFileReference; fileEncoding = 4; lastKnownFileType = sourcecode.swift; path = "DatabaseManager+User.swift"; sourceTree = "<group>"; };
		E5B922391F288367001ED0A4 /* NetworkManager.swift */ = {isa = PBXFileReference; fileEncoding = 4; lastKnownFileType = sourcecode.swift; path = NetworkManager.swift; sourceTree = "<group>"; };
		E5B9223E1F28842C001ED0A4 /* APIUser.swift */ = {isa = PBXFileReference; fileEncoding = 4; lastKnownFileType = sourcecode.swift; path = APIUser.swift; sourceTree = "<group>"; };
		E5B922401F288B23001ED0A4 /* APIConfiguration.swift */ = {isa = PBXFileReference; fileEncoding = 4; lastKnownFileType = sourcecode.swift; path = APIConfiguration.swift; sourceTree = "<group>"; };
		E5B922441F28AB3D001ED0A4 /* Login.storyboard */ = {isa = PBXFileReference; fileEncoding = 4; lastKnownFileType = file.storyboard; path = Login.storyboard; sourceTree = "<group>"; };
		E5B922461F28B7C5001ED0A4 /* APIPasta.swift */ = {isa = PBXFileReference; fileEncoding = 4; lastKnownFileType = sourcecode.swift; path = APIPasta.swift; sourceTree = "<group>"; };
		E5B922491F28B94B001ED0A4 /* DatabaseManager+Pasta.swift */ = {isa = PBXFileReference; fileEncoding = 4; lastKnownFileType = sourcecode.swift; name = "DatabaseManager+Pasta.swift"; path = "DatabaseManager+Pasta/DatabaseManager+Pasta.swift"; sourceTree = "<group>"; };
		E5B9224C1F28CBF7001ED0A4 /* ToastViewDelegate.swift */ = {isa = PBXFileReference; fileEncoding = 4; lastKnownFileType = sourcecode.swift; path = ToastViewDelegate.swift; sourceTree = "<group>"; };
		E5B9224E1F28DD37001ED0A4 /* EditViewController.swift */ = {isa = PBXFileReference; fileEncoding = 4; lastKnownFileType = sourcecode.swift; path = EditViewController.swift; sourceTree = "<group>"; };
/* End PBXFileReference section */

/* Begin PBXFrameworksBuildPhase section */
		E51282731F28608900D2D1A5 /* Frameworks */ = {
			isa = PBXFrameworksBuildPhase;
			buildActionMask = 2147483647;
			files = (
				5A03C6DF8C21651C43342F0C /* Pods_CodePasta.framework in Frameworks */,
			);
			runOnlyForDeploymentPostprocessing = 0;
		};
		E512828A1F28608A00D2D1A5 /* Frameworks */ = {
			isa = PBXFrameworksBuildPhase;
			buildActionMask = 2147483647;
			files = (
				D7E0B699B5807612304C3CDE /* Pods_CodePastaTests.framework in Frameworks */,
			);
			runOnlyForDeploymentPostprocessing = 0;
		};
		E51282951F28608A00D2D1A5 /* Frameworks */ = {
			isa = PBXFrameworksBuildPhase;
			buildActionMask = 2147483647;
			files = (
				3816C24E647A12CA98202AAE /* Pods_CodePastaUITests.framework in Frameworks */,
			);
			runOnlyForDeploymentPostprocessing = 0;
		};
/* End PBXFrameworksBuildPhase section */

/* Begin PBXGroup section */
		A8CE48159F2A228B2522AC8C /* Frameworks */ = {
			isa = PBXGroup;
			children = (
				82498BDC969266BFBF21C075 /* Pods_CodePasta.framework */,
				BB6144DA5CDABD936AB52C2C /* Pods_CodePastaTests.framework */,
				D880F52F8FA88A128C40C755 /* Pods_CodePastaUITests.framework */,
			);
			name = Frameworks;
			sourceTree = "<group>";
		};
		DE1911207048583859D41A46 /* Pods */ = {
			isa = PBXGroup;
			children = (
				9F0525508E97DA93A6C0FE43 /* Pods-CodePasta.debug.xcconfig */,
				5D480BB0536F9EB7711A126C /* Pods-CodePasta.release.xcconfig */,
				BB932312D7DEC22AB7D8D6DF /* Pods-CodePastaTests.debug.xcconfig */,
				3271A85F5B6B7F5E9F994882 /* Pods-CodePastaTests.release.xcconfig */,
				77F976C25CAC4568360A0BAD /* Pods-CodePastaUITests.debug.xcconfig */,
				A328B0304349A0A0D9B2A425 /* Pods-CodePastaUITests.release.xcconfig */,
			);
			name = Pods;
			sourceTree = "<group>";
		};
		E512826D1F28608900D2D1A5 = {
			isa = PBXGroup;
			children = (
				E51282781F28608900D2D1A5 /* CodePasta */,
				E51282901F28608A00D2D1A5 /* CodePastaTests */,
				E512829B1F28608A00D2D1A5 /* CodePastaUITests */,
				E51282771F28608900D2D1A5 /* Products */,
				DE1911207048583859D41A46 /* Pods */,
				A8CE48159F2A228B2522AC8C /* Frameworks */,
			);
			sourceTree = "<group>";
		};
		E51282771F28608900D2D1A5 /* Products */ = {
			isa = PBXGroup;
			children = (
				E51282761F28608900D2D1A5 /* CodePasta.app */,
				E512828D1F28608A00D2D1A5 /* CodePastaTests.xctest */,
				E51282981F28608A00D2D1A5 /* CodePastaUITests.xctest */,
			);
			name = Products;
			sourceTree = "<group>";
		};
		E51282781F28608900D2D1A5 /* CodePasta */ = {
			isa = PBXGroup;
			children = (
				E51282791F28608900D2D1A5 /* AppDelegate.swift */,
				E51282AC1F2863F000D2D1A5 /* Flows */,
				E51282AB1F28639D00D2D1A5 /* Model */,
				E51282AA1F28637A00D2D1A5 /* Network */,
				E51282AD1F28641E00D2D1A5 /* Resources */,
				E5B9224B1F28CB0F001ED0A4 /* Utils */,
			);
			path = CodePasta;
			sourceTree = "<group>";
		};
		E51282901F28608A00D2D1A5 /* CodePastaTests */ = {
			isa = PBXGroup;
			children = (
				E51282911F28608A00D2D1A5 /* CodePastaTests.swift */,
				E51282931F28608A00D2D1A5 /* Info.plist */,
			);
			path = CodePastaTests;
			sourceTree = "<group>";
		};
		E512829B1F28608A00D2D1A5 /* CodePastaUITests */ = {
			isa = PBXGroup;
			children = (
				E512829C1F28608A00D2D1A5 /* CodePastaUITests.swift */,
				E512829E1F28608A00D2D1A5 /* Info.plist */,
			);
			path = CodePastaUITests;
			sourceTree = "<group>";
		};
		E51282AA1F28637A00D2D1A5 /* Network */ = {
			isa = PBXGroup;
			children = (
				E5B922401F288B23001ED0A4 /* APIConfiguration.swift */,
				E5B922391F288367001ED0A4 /* NetworkManager.swift */,
				E5B9223D1F2883EA001ED0A4 /* Comment */,
				E5B9223C1F2883E3001ED0A4 /* Pasta */,
				E5B9223B1F2883D8001ED0A4 /* User */,
			);
			path = Network;
			sourceTree = "<group>";
		};
		E51282AB1F28639D00D2D1A5 /* Model */ = {
			isa = PBXGroup;
			children = (
				E51282B81F28711600D2D1A5 /* Entities */,
				E51282AE1F2864FA00D2D1A5 /* CodePasta.xcdatamodeld */,
				E51282B61F286BC200D2D1A5 /* DatabaseManager.swift */,
				E5B922481F28B91F001ED0A4 /* DatabaseManager+Pasta */,
				E51282E41F2878CE00D2D1A5 /* DatabaseManager+User */,
			);
			path = Model;
			sourceTree = "<group>";
		};
		E51282AC1F2863F000D2D1A5 /* Flows */ = {
			isa = PBXGroup;
			children = (
				E51282B11F28659800D2D1A5 /* Login */,
				E51282DD1F28745B00D2D1A5 /* Main */,
			);
			path = Flows;
			sourceTree = "<group>";
		};
		E51282AD1F28641E00D2D1A5 /* Resources */ = {
			isa = PBXGroup;
			children = (
				E51282831F28608A00D2D1A5 /* Assets.xcassets */,
				E51282851F28608A00D2D1A5 /* LaunchScreen.storyboard */,
				E51282881F28608A00D2D1A5 /* Info.plist */,
			);
			path = Resources;
			sourceTree = "<group>";
		};
		E51282B11F28659800D2D1A5 /* Login */ = {
			isa = PBXGroup;
			children = (
				E51282B41F28665D00D2D1A5 /* LoginViewController.swift */,
				E5B922441F28AB3D001ED0A4 /* Login.storyboard */,
			);
			path = Login;
			sourceTree = "<group>";
		};
		E51282B81F28711600D2D1A5 /* Entities */ = {
			isa = PBXGroup;
			children = (
				E51282D11F28722F00D2D1A5 /* User+CoreDataClass.swift */,
				E51282D21F28722F00D2D1A5 /* User+CoreDataProperties.swift */,
				E51282D31F28722F00D2D1A5 /* Pasta+CoreDataClass.swift */,
				E51282D41F28722F00D2D1A5 /* Pasta+CoreDataProperties.swift */,
				E51282D51F28722F00D2D1A5 /* Comment+CoreDataClass.swift */,
				E51282D61F28722F00D2D1A5 /* Comment+CoreDataProperties.swift */,
			);
			path = Entities;
			sourceTree = "<group>";
		};
		E51282DD1F28745B00D2D1A5 /* Main */ = {
			isa = PBXGroup;
			children = (
				E51282E21F28759A00D2D1A5 /* CreatePastaViewController.swift */,
				E5B9224E1F28DD37001ED0A4 /* EditViewController.swift */,
				E51282E01F2874F800D2D1A5 /* FeedViewController.swift */,
				E51282DE1F28749800D2D1A5 /* Main.storyboard */,
			);
			path = Main;
			sourceTree = "<group>";
		};
		E51282E41F2878CE00D2D1A5 /* DatabaseManager+User */ = {
			isa = PBXGroup;
			children = (
				E51282E51F2879D700D2D1A5 /* DatabaseManager+User.swift */,
			);
			path = "DatabaseManager+User";
			sourceTree = "<group>";
		};
		E5B9223B1F2883D8001ED0A4 /* User */ = {
			isa = PBXGroup;
			children = (
				E5B9223E1F28842C001ED0A4 /* APIUser.swift */,
			);
			path = User;
			sourceTree = "<group>";
		};
		E5B9223C1F2883E3001ED0A4 /* Pasta */ = {
			isa = PBXGroup;
			children = (
				E5B922461F28B7C5001ED0A4 /* APIPasta.swift */,
			);
			path = Pasta;
			sourceTree = "<group>";
		};
		E5B9223D1F2883EA001ED0A4 /* Comment */ = {
			isa = PBXGroup;
			children = (
			);
			path = Comment;
			sourceTree = "<group>";
		};
		E5B922481F28B91F001ED0A4 /* DatabaseManager+Pasta */ = {
			isa = PBXGroup;
			children = (
				E5B922491F28B94B001ED0A4 /* DatabaseManager+Pasta.swift */,
			);
			name = "DatabaseManager+Pasta";
			sourceTree = "<group>";
		};
		E5B9224B1F28CB0F001ED0A4 /* Utils */ = {
			isa = PBXGroup;
			children = (
				E5B9224C1F28CBF7001ED0A4 /* ToastViewDelegate.swift */,
			);
			path = Utils;
			sourceTree = "<group>";
		};
/* End PBXGroup section */

/* Begin PBXNativeTarget section */
		E51282751F28608900D2D1A5 /* CodePasta */ = {
			isa = PBXNativeTarget;
			buildConfigurationList = E51282A11F28608A00D2D1A5 /* Build configuration list for PBXNativeTarget "CodePasta" */;
			buildPhases = (
				D87A48E241C7715F08946CAE /* [CP] Check Pods Manifest.lock */,
				E51282721F28608900D2D1A5 /* Sources */,
				E51282731F28608900D2D1A5 /* Frameworks */,
				E51282741F28608900D2D1A5 /* Resources */,
				C496D27D6A81AF095C0A53B2 /* [CP] Embed Pods Frameworks */,
				5E182FA3EB4F968AD99A598B /* [CP] Copy Pods Resources */,
			);
			buildRules = (
			);
			dependencies = (
			);
			name = CodePasta;
			productName = CodePasta;
			productReference = E51282761F28608900D2D1A5 /* CodePasta.app */;
			productType = "com.apple.product-type.application";
		};
		E512828C1F28608A00D2D1A5 /* CodePastaTests */ = {
			isa = PBXNativeTarget;
			buildConfigurationList = E51282A41F28608A00D2D1A5 /* Build configuration list for PBXNativeTarget "CodePastaTests" */;
			buildPhases = (
				CA7CDB78B5CA023FD62A9274 /* [CP] Check Pods Manifest.lock */,
				E51282891F28608A00D2D1A5 /* Sources */,
				E512828A1F28608A00D2D1A5 /* Frameworks */,
				E512828B1F28608A00D2D1A5 /* Resources */,
				100D04C25C4C348F68C15194 /* [CP] Embed Pods Frameworks */,
				034EC5D65F25D25D578A23EC /* [CP] Copy Pods Resources */,
			);
			buildRules = (
			);
			dependencies = (
				E512828F1F28608A00D2D1A5 /* PBXTargetDependency */,
			);
			name = CodePastaTests;
			productName = CodePastaTests;
			productReference = E512828D1F28608A00D2D1A5 /* CodePastaTests.xctest */;
			productType = "com.apple.product-type.bundle.unit-test";
		};
		E51282971F28608A00D2D1A5 /* CodePastaUITests */ = {
			isa = PBXNativeTarget;
			buildConfigurationList = E51282A71F28608A00D2D1A5 /* Build configuration list for PBXNativeTarget "CodePastaUITests" */;
			buildPhases = (
				875A206C27253B826095B3E7 /* [CP] Check Pods Manifest.lock */,
				E51282941F28608A00D2D1A5 /* Sources */,
				E51282951F28608A00D2D1A5 /* Frameworks */,
				E51282961F28608A00D2D1A5 /* Resources */,
				81B53DA2A4CD3356B1C31824 /* [CP] Embed Pods Frameworks */,
				75DE64D634AC0D7FAC3F4BC5 /* [CP] Copy Pods Resources */,
			);
			buildRules = (
			);
			dependencies = (
				E512829A1F28608A00D2D1A5 /* PBXTargetDependency */,
			);
			name = CodePastaUITests;
			productName = CodePastaUITests;
			productReference = E51282981F28608A00D2D1A5 /* CodePastaUITests.xctest */;
			productType = "com.apple.product-type.bundle.ui-testing";
		};
/* End PBXNativeTarget section */

/* Begin PBXProject section */
		E512826E1F28608900D2D1A5 /* Project object */ = {
			isa = PBXProject;
			attributes = {
				LastSwiftUpdateCheck = 0830;
				LastUpgradeCheck = 0830;
				ORGANIZATIONNAME = "Alex Golub";
				TargetAttributes = {
					E51282751F28608900D2D1A5 = {
						CreatedOnToolsVersion = 8.3.3;
						DevelopmentTeam = 96837XF4KD;
						ProvisioningStyle = Automatic;
					};
					E512828C1F28608A00D2D1A5 = {
						CreatedOnToolsVersion = 8.3.3;
						DevelopmentTeam = 96837XF4KD;
						ProvisioningStyle = Automatic;
						TestTargetID = E51282751F28608900D2D1A5;
					};
					E51282971F28608A00D2D1A5 = {
						CreatedOnToolsVersion = 8.3.3;
						DevelopmentTeam = 96837XF4KD;
						ProvisioningStyle = Automatic;
						TestTargetID = E51282751F28608900D2D1A5;
					};
				};
			};
			buildConfigurationList = E51282711F28608900D2D1A5 /* Build configuration list for PBXProject "CodePasta" */;
			compatibilityVersion = "Xcode 3.2";
			developmentRegion = English;
			hasScannedForEncodings = 0;
			knownRegions = (
				en,
				Base,
			);
			mainGroup = E512826D1F28608900D2D1A5;
			productRefGroup = E51282771F28608900D2D1A5 /* Products */;
			projectDirPath = "";
			projectRoot = "";
			targets = (
				E51282751F28608900D2D1A5 /* CodePasta */,
				E512828C1F28608A00D2D1A5 /* CodePastaTests */,
				E51282971F28608A00D2D1A5 /* CodePastaUITests */,
			);
		};
/* End PBXProject section */

/* Begin PBXResourcesBuildPhase section */
		E51282741F28608900D2D1A5 /* Resources */ = {
			isa = PBXResourcesBuildPhase;
			buildActionMask = 2147483647;
			files = (
				E51282871F28608A00D2D1A5 /* LaunchScreen.storyboard in Resources */,
				E51282841F28608A00D2D1A5 /* Assets.xcassets in Resources */,
				E5B922451F28AB3D001ED0A4 /* Login.storyboard in Resources */,
				E51282DF1F28749800D2D1A5 /* Main.storyboard in Resources */,
			);
			runOnlyForDeploymentPostprocessing = 0;
		};
		E512828B1F28608A00D2D1A5 /* Resources */ = {
			isa = PBXResourcesBuildPhase;
			buildActionMask = 2147483647;
			files = (
			);
			runOnlyForDeploymentPostprocessing = 0;
		};
		E51282961F28608A00D2D1A5 /* Resources */ = {
			isa = PBXResourcesBuildPhase;
			buildActionMask = 2147483647;
			files = (
			);
			runOnlyForDeploymentPostprocessing = 0;
		};
/* End PBXResourcesBuildPhase section */

/* Begin PBXShellScriptBuildPhase section */
		034EC5D65F25D25D578A23EC /* [CP] Copy Pods Resources */ = {
			isa = PBXShellScriptBuildPhase;
			buildActionMask = 2147483647;
			files = (
			);
			inputPaths = (
			);
			name = "[CP] Copy Pods Resources";
			outputPaths = (
			);
			runOnlyForDeploymentPostprocessing = 0;
			shellPath = /bin/sh;
			shellScript = "\"${SRCROOT}/Pods/Target Support Files/Pods-CodePastaTests/Pods-CodePastaTests-resources.sh\"\n";
			showEnvVarsInLog = 0;
		};
		100D04C25C4C348F68C15194 /* [CP] Embed Pods Frameworks */ = {
			isa = PBXShellScriptBuildPhase;
			buildActionMask = 2147483647;
			files = (
			);
			inputPaths = (
			);
			name = "[CP] Embed Pods Frameworks";
			outputPaths = (
			);
			runOnlyForDeploymentPostprocessing = 0;
			shellPath = /bin/sh;
			shellScript = "\"${SRCROOT}/Pods/Target Support Files/Pods-CodePastaTests/Pods-CodePastaTests-frameworks.sh\"\n";
			showEnvVarsInLog = 0;
		};
		5E182FA3EB4F968AD99A598B /* [CP] Copy Pods Resources */ = {
			isa = PBXShellScriptBuildPhase;
			buildActionMask = 2147483647;
			files = (
			);
			inputPaths = (
			);
			name = "[CP] Copy Pods Resources";
			outputPaths = (
			);
			runOnlyForDeploymentPostprocessing = 0;
			shellPath = /bin/sh;
			shellScript = "\"${SRCROOT}/Pods/Target Support Files/Pods-CodePasta/Pods-CodePasta-resources.sh\"\n";
			showEnvVarsInLog = 0;
		};
		75DE64D634AC0D7FAC3F4BC5 /* [CP] Copy Pods Resources */ = {
			isa = PBXShellScriptBuildPhase;
			buildActionMask = 2147483647;
			files = (
			);
			inputPaths = (
			);
			name = "[CP] Copy Pods Resources";
			outputPaths = (
			);
			runOnlyForDeploymentPostprocessing = 0;
			shellPath = /bin/sh;
			shellScript = "\"${SRCROOT}/Pods/Target Support Files/Pods-CodePastaUITests/Pods-CodePastaUITests-resources.sh\"\n";
			showEnvVarsInLog = 0;
		};
		81B53DA2A4CD3356B1C31824 /* [CP] Embed Pods Frameworks */ = {
			isa = PBXShellScriptBuildPhase;
			buildActionMask = 2147483647;
			files = (
			);
			inputPaths = (
			);
			name = "[CP] Embed Pods Frameworks";
			outputPaths = (
			);
			runOnlyForDeploymentPostprocessing = 0;
			shellPath = /bin/sh;
			shellScript = "\"${SRCROOT}/Pods/Target Support Files/Pods-CodePastaUITests/Pods-CodePastaUITests-frameworks.sh\"\n";
			showEnvVarsInLog = 0;
		};
		875A206C27253B826095B3E7 /* [CP] Check Pods Manifest.lock */ = {
			isa = PBXShellScriptBuildPhase;
			buildActionMask = 2147483647;
			files = (
			);
			inputPaths = (
			);
			name = "[CP] Check Pods Manifest.lock";
			outputPaths = (
			);
			runOnlyForDeploymentPostprocessing = 0;
			shellPath = /bin/sh;
			shellScript = "diff \"${PODS_ROOT}/../Podfile.lock\" \"${PODS_ROOT}/Manifest.lock\" > /dev/null\nif [ $? != 0 ] ; then\n    # print error to STDERR\n    echo \"error: The sandbox is not in sync with the Podfile.lock. Run 'pod install' or update your CocoaPods installation.\" >&2\n    exit 1\nfi\n";
			showEnvVarsInLog = 0;
		};
		C496D27D6A81AF095C0A53B2 /* [CP] Embed Pods Frameworks */ = {
			isa = PBXShellScriptBuildPhase;
			buildActionMask = 2147483647;
			files = (
			);
			inputPaths = (
			);
			name = "[CP] Embed Pods Frameworks";
			outputPaths = (
			);
			runOnlyForDeploymentPostprocessing = 0;
			shellPath = /bin/sh;
			shellScript = "\"${SRCROOT}/Pods/Target Support Files/Pods-CodePasta/Pods-CodePasta-frameworks.sh\"\n";
			showEnvVarsInLog = 0;
		};
		CA7CDB78B5CA023FD62A9274 /* [CP] Check Pods Manifest.lock */ = {
			isa = PBXShellScriptBuildPhase;
			buildActionMask = 2147483647;
			files = (
			);
			inputPaths = (
			);
			name = "[CP] Check Pods Manifest.lock";
			outputPaths = (
			);
			runOnlyForDeploymentPostprocessing = 0;
			shellPath = /bin/sh;
			shellScript = "diff \"${PODS_ROOT}/../Podfile.lock\" \"${PODS_ROOT}/Manifest.lock\" > /dev/null\nif [ $? != 0 ] ; then\n    # print error to STDERR\n    echo \"error: The sandbox is not in sync with the Podfile.lock. Run 'pod install' or update your CocoaPods installation.\" >&2\n    exit 1\nfi\n";
			showEnvVarsInLog = 0;
		};
		D87A48E241C7715F08946CAE /* [CP] Check Pods Manifest.lock */ = {
			isa = PBXShellScriptBuildPhase;
			buildActionMask = 2147483647;
			files = (
			);
			inputPaths = (
			);
			name = "[CP] Check Pods Manifest.lock";
			outputPaths = (
			);
			runOnlyForDeploymentPostprocessing = 0;
			shellPath = /bin/sh;
			shellScript = "diff \"${PODS_ROOT}/../Podfile.lock\" \"${PODS_ROOT}/Manifest.lock\" > /dev/null\nif [ $? != 0 ] ; then\n    # print error to STDERR\n    echo \"error: The sandbox is not in sync with the Podfile.lock. Run 'pod install' or update your CocoaPods installation.\" >&2\n    exit 1\nfi\n";
			showEnvVarsInLog = 0;
		};
/* End PBXShellScriptBuildPhase section */

/* Begin PBXSourcesBuildPhase section */
		E51282721F28608900D2D1A5 /* Sources */ = {
			isa = PBXSourcesBuildPhase;
			buildActionMask = 2147483647;
			files = (
				E5B9224F1F28DD37001ED0A4 /* EditViewController.swift in Sources */,
				E51282DB1F28722F00D2D1A5 /* Comment+CoreDataClass.swift in Sources */,
				E51282B71F286BC200D2D1A5 /* DatabaseManager.swift in Sources */,
				E51282B51F28665D00D2D1A5 /* LoginViewController.swift in Sources */,
				E5B922411F288B23001ED0A4 /* APIConfiguration.swift in Sources */,
				E51282D81F28722F00D2D1A5 /* User+CoreDataProperties.swift in Sources */,
				E51282DC1F28722F00D2D1A5 /* Comment+CoreDataProperties.swift in Sources */,
				E5B9224A1F28B94B001ED0A4 /* DatabaseManager+Pasta.swift in Sources */,
				E512827A1F28608900D2D1A5 /* AppDelegate.swift in Sources */,
				E51282E31F28759A00D2D1A5 /* CreatePastaViewController.swift in Sources */,
				E5B9224D1F28CBF7001ED0A4 /* ToastViewDelegate.swift in Sources */,
				E51282B01F2864FA00D2D1A5 /* CodePasta.xcdatamodeld in Sources */,
				E5B9223F1F28842C001ED0A4 /* APIUser.swift in Sources */,
				E5B922471F28B7C5001ED0A4 /* APIPasta.swift in Sources */,
				E51282E11F2874F800D2D1A5 /* FeedViewController.swift in Sources */,
				E51282E61F2879D700D2D1A5 /* DatabaseManager+User.swift in Sources */,
				E5B9223A1F288367001ED0A4 /* NetworkManager.swift in Sources */,
				E51282DA1F28722F00D2D1A5 /* Pasta+CoreDataProperties.swift in Sources */,
				E51282D91F28722F00D2D1A5 /* Pasta+CoreDataClass.swift in Sources */,
				E51282D71F28722F00D2D1A5 /* User+CoreDataClass.swift in Sources */,
			);
			runOnlyForDeploymentPostprocessing = 0;
		};
		E51282891F28608A00D2D1A5 /* Sources */ = {
			isa = PBXSourcesBuildPhase;
			buildActionMask = 2147483647;
			files = (
				E51282921F28608A00D2D1A5 /* CodePastaTests.swift in Sources */,
			);
			runOnlyForDeploymentPostprocessing = 0;
		};
		E51282941F28608A00D2D1A5 /* Sources */ = {
			isa = PBXSourcesBuildPhase;
			buildActionMask = 2147483647;
			files = (
				E512829D1F28608A00D2D1A5 /* CodePastaUITests.swift in Sources */,
			);
			runOnlyForDeploymentPostprocessing = 0;
		};
/* End PBXSourcesBuildPhase section */

/* Begin PBXTargetDependency section */
		E512828F1F28608A00D2D1A5 /* PBXTargetDependency */ = {
			isa = PBXTargetDependency;
			target = E51282751F28608900D2D1A5 /* CodePasta */;
			targetProxy = E512828E1F28608A00D2D1A5 /* PBXContainerItemProxy */;
		};
		E512829A1F28608A00D2D1A5 /* PBXTargetDependency */ = {
			isa = PBXTargetDependency;
			target = E51282751F28608900D2D1A5 /* CodePasta */;
			targetProxy = E51282991F28608A00D2D1A5 /* PBXContainerItemProxy */;
		};
/* End PBXTargetDependency section */

/* Begin PBXVariantGroup section */
		E51282851F28608A00D2D1A5 /* LaunchScreen.storyboard */ = {
			isa = PBXVariantGroup;
			children = (
				E51282861F28608A00D2D1A5 /* Base */,
			);
			name = LaunchScreen.storyboard;
			path = ..;
			sourceTree = "<group>";
		};
/* End PBXVariantGroup section */

/* Begin XCBuildConfiguration section */
		E512829F1F28608A00D2D1A5 /* Debug */ = {
			isa = XCBuildConfiguration;
			buildSettings = {
				ALWAYS_SEARCH_USER_PATHS = NO;
				CLANG_ANALYZER_NONNULL = YES;
				CLANG_ANALYZER_NUMBER_OBJECT_CONVERSION = YES_AGGRESSIVE;
				CLANG_CXX_LANGUAGE_STANDARD = "gnu++0x";
				CLANG_CXX_LIBRARY = "libc++";
				CLANG_ENABLE_MODULES = YES;
				CLANG_ENABLE_OBJC_ARC = YES;
				CLANG_WARN_BOOL_CONVERSION = YES;
				CLANG_WARN_CONSTANT_CONVERSION = YES;
				CLANG_WARN_DIRECT_OBJC_ISA_USAGE = YES_ERROR;
				CLANG_WARN_DOCUMENTATION_COMMENTS = YES;
				CLANG_WARN_EMPTY_BODY = YES;
				CLANG_WARN_ENUM_CONVERSION = YES;
				CLANG_WARN_INFINITE_RECURSION = YES;
				CLANG_WARN_INT_CONVERSION = YES;
				CLANG_WARN_OBJC_ROOT_CLASS = YES_ERROR;
				CLANG_WARN_SUSPICIOUS_MOVE = YES;
				CLANG_WARN_UNREACHABLE_CODE = YES;
				CLANG_WARN__DUPLICATE_METHOD_MATCH = YES;
				"CODE_SIGN_IDENTITY[sdk=iphoneos*]" = "iPhone Developer";
				COPY_PHASE_STRIP = NO;
				DEBUG_INFORMATION_FORMAT = dwarf;
				ENABLE_STRICT_OBJC_MSGSEND = YES;
				ENABLE_TESTABILITY = YES;
				GCC_C_LANGUAGE_STANDARD = gnu99;
				GCC_DYNAMIC_NO_PIC = NO;
				GCC_NO_COMMON_BLOCKS = YES;
				GCC_OPTIMIZATION_LEVEL = 0;
				GCC_PREPROCESSOR_DEFINITIONS = (
					"DEBUG=1",
					"$(inherited)",
				);
				GCC_WARN_64_TO_32_BIT_CONVERSION = YES;
				GCC_WARN_ABOUT_RETURN_TYPE = YES_ERROR;
				GCC_WARN_UNDECLARED_SELECTOR = YES;
				GCC_WARN_UNINITIALIZED_AUTOS = YES_AGGRESSIVE;
				GCC_WARN_UNUSED_FUNCTION = YES;
				GCC_WARN_UNUSED_VARIABLE = YES;
				IPHONEOS_DEPLOYMENT_TARGET = 10.3;
				MTL_ENABLE_DEBUG_INFO = YES;
				ONLY_ACTIVE_ARCH = YES;
				SDKROOT = iphoneos;
				SWIFT_ACTIVE_COMPILATION_CONDITIONS = DEBUG;
				SWIFT_OPTIMIZATION_LEVEL = "-Onone";
				TARGETED_DEVICE_FAMILY = "1,2";
			};
			name = Debug;
		};
		E51282A01F28608A00D2D1A5 /* Release */ = {
			isa = XCBuildConfiguration;
			buildSettings = {
				ALWAYS_SEARCH_USER_PATHS = NO;
				CLANG_ANALYZER_NONNULL = YES;
				CLANG_ANALYZER_NUMBER_OBJECT_CONVERSION = YES_AGGRESSIVE;
				CLANG_CXX_LANGUAGE_STANDARD = "gnu++0x";
				CLANG_CXX_LIBRARY = "libc++";
				CLANG_ENABLE_MODULES = YES;
				CLANG_ENABLE_OBJC_ARC = YES;
				CLANG_WARN_BOOL_CONVERSION = YES;
				CLANG_WARN_CONSTANT_CONVERSION = YES;
				CLANG_WARN_DIRECT_OBJC_ISA_USAGE = YES_ERROR;
				CLANG_WARN_DOCUMENTATION_COMMENTS = YES;
				CLANG_WARN_EMPTY_BODY = YES;
				CLANG_WARN_ENUM_CONVERSION = YES;
				CLANG_WARN_INFINITE_RECURSION = YES;
				CLANG_WARN_INT_CONVERSION = YES;
				CLANG_WARN_OBJC_ROOT_CLASS = YES_ERROR;
				CLANG_WARN_SUSPICIOUS_MOVE = YES;
				CLANG_WARN_UNREACHABLE_CODE = YES;
				CLANG_WARN__DUPLICATE_METHOD_MATCH = YES;
				"CODE_SIGN_IDENTITY[sdk=iphoneos*]" = "iPhone Developer";
				COPY_PHASE_STRIP = NO;
				DEBUG_INFORMATION_FORMAT = "dwarf-with-dsym";
				ENABLE_NS_ASSERTIONS = NO;
				ENABLE_STRICT_OBJC_MSGSEND = YES;
				GCC_C_LANGUAGE_STANDARD = gnu99;
				GCC_NO_COMMON_BLOCKS = YES;
				GCC_WARN_64_TO_32_BIT_CONVERSION = YES;
				GCC_WARN_ABOUT_RETURN_TYPE = YES_ERROR;
				GCC_WARN_UNDECLARED_SELECTOR = YES;
				GCC_WARN_UNINITIALIZED_AUTOS = YES_AGGRESSIVE;
				GCC_WARN_UNUSED_FUNCTION = YES;
				GCC_WARN_UNUSED_VARIABLE = YES;
				IPHONEOS_DEPLOYMENT_TARGET = 10.3;
				MTL_ENABLE_DEBUG_INFO = NO;
				SDKROOT = iphoneos;
				SWIFT_OPTIMIZATION_LEVEL = "-Owholemodule";
				TARGETED_DEVICE_FAMILY = "1,2";
				VALIDATE_PRODUCT = YES;
			};
			name = Release;
		};
		E51282A21F28608A00D2D1A5 /* Debug */ = {
			isa = XCBuildConfiguration;
			baseConfigurationReference = 9F0525508E97DA93A6C0FE43 /* Pods-CodePasta.debug.xcconfig */;
			buildSettings = {
				ASSETCATALOG_COMPILER_APPICON_NAME = AppIcon;
				DEVELOPMENT_TEAM = 96837XF4KD;
				INFOPLIST_FILE = CodePasta/Info.plist;
				LD_RUNPATH_SEARCH_PATHS = "$(inherited) @executable_path/Frameworks";
				PRODUCT_BUNDLE_IDENTIFIER = com.codeveyor.CodePasta;
				PRODUCT_NAME = "$(TARGET_NAME)";
				SWIFT_VERSION = 3.0;
			};
			name = Debug;
		};
		E51282A31F28608A00D2D1A5 /* Release */ = {
			isa = XCBuildConfiguration;
			baseConfigurationReference = 5D480BB0536F9EB7711A126C /* Pods-CodePasta.release.xcconfig */;
			buildSettings = {
				ASSETCATALOG_COMPILER_APPICON_NAME = AppIcon;
				DEVELOPMENT_TEAM = 96837XF4KD;
				INFOPLIST_FILE = CodePasta/Info.plist;
				LD_RUNPATH_SEARCH_PATHS = "$(inherited) @executable_path/Frameworks";
				PRODUCT_BUNDLE_IDENTIFIER = com.codeveyor.CodePasta;
				PRODUCT_NAME = "$(TARGET_NAME)";
				SWIFT_VERSION = 3.0;
			};
			name = Release;
		};
		E51282A51F28608A00D2D1A5 /* Debug */ = {
			isa = XCBuildConfiguration;
			baseConfigurationReference = BB932312D7DEC22AB7D8D6DF /* Pods-CodePastaTests.debug.xcconfig */;
			buildSettings = {
				ALWAYS_EMBED_SWIFT_STANDARD_LIBRARIES = YES;
				BUNDLE_LOADER = "$(TEST_HOST)";
				DEVELOPMENT_TEAM = 96837XF4KD;
				INFOPLIST_FILE = CodePastaTests/Info.plist;
				LD_RUNPATH_SEARCH_PATHS = "$(inherited) @executable_path/Frameworks @loader_path/Frameworks";
				PRODUCT_BUNDLE_IDENTIFIER = com.codeveyor.CodePastaTests;
				PRODUCT_NAME = "$(TARGET_NAME)";
				SWIFT_VERSION = 3.0;
				TEST_HOST = "$(BUILT_PRODUCTS_DIR)/CodePasta.app/CodePasta";
			};
			name = Debug;
		};
		E51282A61F28608A00D2D1A5 /* Release */ = {
			isa = XCBuildConfiguration;
			baseConfigurationReference = 3271A85F5B6B7F5E9F994882 /* Pods-CodePastaTests.release.xcconfig */;
			buildSettings = {
				ALWAYS_EMBED_SWIFT_STANDARD_LIBRARIES = YES;
				BUNDLE_LOADER = "$(TEST_HOST)";
				DEVELOPMENT_TEAM = 96837XF4KD;
				INFOPLIST_FILE = CodePastaTests/Info.plist;
				LD_RUNPATH_SEARCH_PATHS = "$(inherited) @executable_path/Frameworks @loader_path/Frameworks";
				PRODUCT_BUNDLE_IDENTIFIER = com.codeveyor.CodePastaTests;
				PRODUCT_NAME = "$(TARGET_NAME)";
				SWIFT_VERSION = 3.0;
				TEST_HOST = "$(BUILT_PRODUCTS_DIR)/CodePasta.app/CodePasta";
			};
			name = Release;
		};
		E51282A81F28608A00D2D1A5 /* Debug */ = {
			isa = XCBuildConfiguration;
			baseConfigurationReference = 77F976C25CAC4568360A0BAD /* Pods-CodePastaUITests.debug.xcconfig */;
			buildSettings = {
				ALWAYS_EMBED_SWIFT_STANDARD_LIBRARIES = YES;
				DEVELOPMENT_TEAM = 96837XF4KD;
				INFOPLIST_FILE = CodePastaUITests/Info.plist;
				LD_RUNPATH_SEARCH_PATHS = "$(inherited) @executable_path/Frameworks @loader_path/Frameworks";
				PRODUCT_BUNDLE_IDENTIFIER = com.codeveyor.CodePastaUITests;
				PRODUCT_NAME = "$(TARGET_NAME)";
				SWIFT_VERSION = 3.0;
				TEST_TARGET_NAME = CodePasta;
			};
			name = Debug;
		};
		E51282A91F28608A00D2D1A5 /* Release */ = {
			isa = XCBuildConfiguration;
			baseConfigurationReference = A328B0304349A0A0D9B2A425 /* Pods-CodePastaUITests.release.xcconfig */;
			buildSettings = {
				ALWAYS_EMBED_SWIFT_STANDARD_LIBRARIES = YES;
				DEVELOPMENT_TEAM = 96837XF4KD;
				INFOPLIST_FILE = CodePastaUITests/Info.plist;
				LD_RUNPATH_SEARCH_PATHS = "$(inherited) @executable_path/Frameworks @loader_path/Frameworks";
				PRODUCT_BUNDLE_IDENTIFIER = com.codeveyor.CodePastaUITests;
				PRODUCT_NAME = "$(TARGET_NAME)";
				SWIFT_VERSION = 3.0;
				TEST_TARGET_NAME = CodePasta;
			};
			name = Release;
		};
/* End XCBuildConfiguration section */

/* Begin XCConfigurationList section */
		E51282711F28608900D2D1A5 /* Build configuration list for PBXProject "CodePasta" */ = {
			isa = XCConfigurationList;
			buildConfigurations = (
				E512829F1F28608A00D2D1A5 /* Debug */,
				E51282A01F28608A00D2D1A5 /* Release */,
			);
			defaultConfigurationIsVisible = 0;
			defaultConfigurationName = Release;
		};
		E51282A11F28608A00D2D1A5 /* Build configuration list for PBXNativeTarget "CodePasta" */ = {
			isa = XCConfigurationList;
			buildConfigurations = (
				E51282A21F28608A00D2D1A5 /* Debug */,
				E51282A31F28608A00D2D1A5 /* Release */,
			);
			defaultConfigurationIsVisible = 0;
			defaultConfigurationName = Release;
		};
		E51282A41F28608A00D2D1A5 /* Build configuration list for PBXNativeTarget "CodePastaTests" */ = {
			isa = XCConfigurationList;
			buildConfigurations = (
				E51282A51F28608A00D2D1A5 /* Debug */,
				E51282A61F28608A00D2D1A5 /* Release */,
			);
			defaultConfigurationIsVisible = 0;
			defaultConfigurationName = Release;
		};
		E51282A71F28608A00D2D1A5 /* Build configuration list for PBXNativeTarget "CodePastaUITests" */ = {
			isa = XCConfigurationList;
			buildConfigurations = (
				E51282A81F28608A00D2D1A5 /* Debug */,
				E51282A91F28608A00D2D1A5 /* Release */,
			);
			defaultConfigurationIsVisible = 0;
			defaultConfigurationName = Release;
		};
/* End XCConfigurationList section */

/* Begin XCVersionGroup section */
		E51282AE1F2864FA00D2D1A5 /* CodePasta.xcdatamodeld */ = {
			isa = XCVersionGroup;
			children = (
				E51282AF1F2864FA00D2D1A5 /* CodePasta.xcdatamodel */,
			);
			currentVersion = E51282AF1F2864FA00D2D1A5 /* CodePasta.xcdatamodel */;
			path = CodePasta.xcdatamodeld;
			sourceTree = "<group>";
			versionGroupType = wrapper.xcdatamodel;
		};
/* End XCVersionGroup section */
	};
	rootObject = E512826E1F28608900D2D1A5 /* Project object */;
}
